
Microsoft Visual Studio Solution File, Format Version 12.00
# Visual Studio Version 16
VisualStudioVersion = 16.0.31129.286
MinimumVisualStudioVersion = 10.0.40219.1
Project("{FAE04EC0-301F-11D3-BF4B-00C04F79EFBC}") = "Basic Calculator", "Basic Calculator.csproj", "{85EB56CD-7D39-4C50-A10A-518609A8A0A3}"
EndProject
Global
	GlobalSection(SolutionConfigurationPlatforms) = preSolution
		Debug|Any CPU = Debug|Any CPU
		Release|Any CPU = Release|Any CPU
	EndGlobalSection
	GlobalSection(ProjectConfigurationPlatforms) = postSolution
		{85EB56CD-7D39-4C50-A10A-518609A8A0A3}.Debug|Any CPU.ActiveCfg = Debug|Any CPU
		{85EB56CD-7D39-4C50-A10A-518609A8A0A3}.Debug|Any CPU.Build.0 = Debug|Any CPU
		{85EB56CD-7D39-4C50-A10A-518609A8A0A3}.Release|Any CPU.ActiveCfg = Release|Any CPU
		{85EB56CD-7D39-4C50-A10A-518609A8A0A3}.Release|Any CPU.Build.0 = Release|Any CPU
	EndGlobalSection
	GlobalSection(SolutionProperties) = preSolution
		HideSolutionNode = FALSE
	EndGlobalSection
	GlobalSection(ExtensibilityGlobals) = postSolution
		SolutionGuid = {E1BB6CB4-1592-4900-84D9-2C68C293F5D0}
	EndGlobalSection
EndGlobal
